
Microsoft Visual Studio Solution File, Format Version 12.00
# Visual Studio Version 16
Project("{2150E333-8FDC-42A3-9474-1A3956D46DE8}") = "èµ", "èµ", "{092D0FDD-F5F9-69E8-1E13-58900A3F9F76}"
EndProject
Project("{2150E333-8FDC-42A3-9474-1A3956D46DE8}") = "„_*àµ", "„_*àµ", "{3EF2EA06-2AEB-0959-531D-EFDD3F75E964}"
EndProject
Project("{8BC9CEB8-8B4A-11D0-8D11-00A0C91BC942}") = "", "..\EunoiaProjects.vcxproj", "{05150000-F1B5-0200-1AB6-020006B60200}"
EndProject
Global
	GlobalSection(SolutionConfigurationPlatforms) = preSolution
		Debug|x64 = Debug|x64
		Dist|x64 = Dist|x64
		Release|x64 = Release|x64
	EndGlobalSection
	GlobalSection(ProjectConfigurationPlatforms) = postSolution
		{05150000-F1B5-0200-1AB6-020006B60200}.Debug|x64.ActiveCfg = Debug|x64
		{05150000-F1B5-0200-1AB6-020006B60200}.Debug|x64.Build.0 = Debug|x64
		{05150000-F1B5-0200-1AB6-020006B60200}.Dist|x64.ActiveCfg = Dist|x64
		{05150000-F1B5-0200-1AB6-020006B60200}.Dist|x64.Build.0 = Dist|x64
		{05150000-F1B5-0200-1AB6-020006B60200}.Release|x64.ActiveCfg = Release|x64
		{05150000-F1B5-0200-1AB6-020006B60200}.Release|x64.Build.0 = Release|x64
	EndGlobalSection
	GlobalSection(SolutionProperties) = preSolution
		HideSolutionNode = FALSE
	EndGlobalSection
	GlobalSection(NestedProjects) = preSolution
		{3EF2EA06-2AEB-0959-531D-EFDD3F75E964} = {092D0FDD-F5F9-69E8-1E13-58900A3F9F76}
		{05150000-F1B5-0200-1AB6-020006B60200} = {3EF2EA06-2AEB-0959-531D-EFDD3F75E964}
	EndGlobalSection
EndGlobal
